// !$*UTF8*$!
{
	archiveVersion = 1;
	classes = {
	};
	objectVersion = 50;
	objects = {

/* Begin PBXBuildFile section */
		1E5EF76E222F0FC1007FA6C8 /* 3046-me-at-office.json in Resources */ = {isa = PBXBuildFile; fileRef = 1E5EF76D222F0FC0007FA6C8 /* 3046-me-at-office.json */; };
		1EBC2CB1222CFB6C007EA798 /* AppDelegate.swift in Sources */ = {isa = PBXBuildFile; fileRef = 1EBC2CB0222CFB6C007EA798 /* AppDelegate.swift */; };
		1EBC2CB3222CFB6C007EA798 /* ViewController.swift in Sources */ = {isa = PBXBuildFile; fileRef = 1EBC2CB2222CFB6C007EA798 /* ViewController.swift */; };
		1EBC2CB6222CFB6C007EA798 /* Main.storyboard in Resources */ = {isa = PBXBuildFile; fileRef = 1EBC2CB4222CFB6C007EA798 /* Main.storyboard */; };
		1EBC2CB9222CFB6C007EA798 /* NewMyApp.xcdatamodeld in Sources */ = {isa = PBXBuildFile; fileRef = 1EBC2CB7222CFB6C007EA798 /* NewMyApp.xcdatamodeld */; };
		1EBC2CBB222CFB6E007EA798 /* Assets.xcassets in Resources */ = {isa = PBXBuildFile; fileRef = 1EBC2CBA222CFB6E007EA798 /* Assets.xcassets */; };
		1EBC2CBE222CFB6E007EA798 /* LaunchScreen.storyboard in Resources */ = {isa = PBXBuildFile; fileRef = 1EBC2CBC222CFB6E007EA798 /* LaunchScreen.storyboard */; };
		1EBC2CC6222DA282007EA798 /* SectionCollectionViewCell.swift in Sources */ = {isa = PBXBuildFile; fileRef = 1EBC2CC5222DA282007EA798 /* SectionCollectionViewCell.swift */; };
		1EBC2CC9222DF38E007EA798 /* FirstSectionViewController.swift in Sources */ = {isa = PBXBuildFile; fileRef = 1EBC2CC8222DF38E007EA798 /* FirstSectionViewController.swift */; };
		1EBC2CD0222E003B007EA798 /* 4583-mine.json in Resources */ = {isa = PBXBuildFile; fileRef = 1EBC2CCF222E003B007EA798 /* 4583-mine.json */; };
		1EBC2CD2222E0DB0007EA798 /* SecondSectionViewController.swift in Sources */ = {isa = PBXBuildFile; fileRef = 1EBC2CD1222E0DB0007EA798 /* SecondSectionViewController.swift */; };
		1EBC2CD6222E1127007EA798 /* 3179-code-icon.json in Resources */ = {isa = PBXBuildFile; fileRef = 1EBC2CD5222E1127007EA798 /* 3179-code-icon.json */; };
		1EBC2CD8222EC210007EA798 /* FourthSectionViewController.swift in Sources */ = {isa = PBXBuildFile; fileRef = 1EBC2CD7222EC210007EA798 /* FourthSectionViewController.swift */; };
		1EBC2CDA222EC5DF007EA798 /* 1607-computer-display.json in Resources */ = {isa = PBXBuildFile; fileRef = 1EBC2CD9222EC5DF007EA798 /* 1607-computer-display.json */; };
		1EBC2CDC222ED0D1007EA798 /* ThirdSectionViewController.swift in Sources */ = {isa = PBXBuildFile; fileRef = 1EBC2CDB222ED0D1007EA798 /* ThirdSectionViewController.swift */; };
		1EBC2CDE222EF67A007EA798 /* profile.json in Resources */ = {isa = PBXBuildFile; fileRef = 1EBC2CDD222EF67A007EA798 /* profile.json */; };
		ADE7680305AD143CDDD43E81 /* Pods_NewMyApp.framework in Frameworks */ = {isa = PBXBuildFile; fileRef = BF32DBE108F9862645D0E74E /* Pods_NewMyApp.framework */; };
/* End PBXBuildFile section */

/* Begin PBXFileReference section */
		1E5EF76D222F0FC0007FA6C8 /* 3046-me-at-office.json */ = {isa = PBXFileReference; fileEncoding = 4; lastKnownFileType = text.json; path = "3046-me-at-office.json"; sourceTree = "<group>"; };
		1EBC2CAD222CFB6C007EA798 /* NewMyApp.app */ = {isa = PBXFileReference; explicitFileType = wrapper.application; includeInIndex = 0; path = NewMyApp.app; sourceTree = BUILT_PRODUCTS_DIR; };
		1EBC2CB0222CFB6C007EA798 /* AppDelegate.swift */ = {isa = PBXFileReference; lastKnownFileType = sourcecode.swift; path = AppDelegate.swift; sourceTree = "<group>"; };
		1EBC2CB2222CFB6C007EA798 /* ViewController.swift */ = {isa = PBXFileReference; lastKnownFileType = sourcecode.swift; path = ViewController.swift; sourceTree = "<group>"; };
		1EBC2CB5222CFB6C007EA798 /* Base */ = {isa = PBXFileReference; lastKnownFileType = file.storyboard; name = Base; path = Base.lproj/Main.storyboard; sourceTree = "<group>"; };
		1EBC2CB8222CFB6C007EA798 /* NewMyApp.xcdatamodel */ = {isa = PBXFileReference; lastKnownFileType = wrapper.xcdatamodel; path = NewMyApp.xcdatamodel; sourceTree = "<group>"; };
		1EBC2CBA222CFB6E007EA798 /* Assets.xcassets */ = {isa = PBXFileReference; lastKnownFileType = folder.assetcatalog; path = Assets.xcassets; sourceTree = "<group>"; };
		1EBC2CBD222CFB6E007EA798 /* Base */ = {isa = PBXFileReference; lastKnownFileType = file.storyboard; name = Base; path = Base.lproj/LaunchScreen.storyboard; sourceTree = "<group>"; };
		1EBC2CBF222CFB6F007EA798 /* Info.plist */ = {isa = PBXFileReference; lastKnownFileType = text.plist.xml; path = Info.plist; sourceTree = "<group>"; };
		1EBC2CC5222DA282007EA798 /* SectionCollectionViewCell.swift */ = {isa = PBXFileReference; lastKnownFileType = sourcecode.swift; path = SectionCollectionViewCell.swift; sourceTree = "<group>"; };
		1EBC2CC8222DF38E007EA798 /* FirstSectionViewController.swift */ = {isa = PBXFileReference; lastKnownFileType = sourcecode.swift; path = FirstSectionViewController.swift; sourceTree = "<group>"; };
		1EBC2CCF222E003B007EA798 /* 4583-mine.json */ = {isa = PBXFileReference; fileEncoding = 4; lastKnownFileType = text.json; path = "4583-mine.json"; sourceTree = "<group>"; };
		1EBC2CD1222E0DB0007EA798 /* SecondSectionViewController.swift */ = {isa = PBXFileReference; lastKnownFileType = sourcecode.swift; path = SecondSectionViewController.swift; sourceTree = "<group>"; };
		1EBC2CD5222E1127007EA798 /* 3179-code-icon.json */ = {isa = PBXFileReference; fileEncoding = 4; lastKnownFileType = text.json; path = "3179-code-icon.json"; sourceTree = "<group>"; };
		1EBC2CD7222EC210007EA798 /* FourthSectionViewController.swift */ = {isa = PBXFileReference; lastKnownFileType = sourcecode.swift; path = FourthSectionViewController.swift; sourceTree = "<group>"; };
		1EBC2CD9222EC5DF007EA798 /* 1607-computer-display.json */ = {isa = PBXFileReference; fileEncoding = 4; lastKnownFileType = text.json; path = "1607-computer-display.json"; sourceTree = "<group>"; };
		1EBC2CDB222ED0D1007EA798 /* ThirdSectionViewController.swift */ = {isa = PBXFileReference; lastKnownFileType = sourcecode.swift; path = ThirdSectionViewController.swift; sourceTree = "<group>"; };
		1EBC2CDD222EF67A007EA798 /* profile.json */ = {isa = PBXFileReference; fileEncoding = 4; lastKnownFileType = text.json; path = profile.json; sourceTree = "<group>"; };
		872029F474D099829A597E0A /* Pods-NewMyApp.debug.xcconfig */ = {isa = PBXFileReference; includeInIndex = 1; lastKnownFileType = text.xcconfig; name = "Pods-NewMyApp.debug.xcconfig"; path = "Pods/Target Support Files/Pods-NewMyApp/Pods-NewMyApp.debug.xcconfig"; sourceTree = "<group>"; };
		BF32DBE108F9862645D0E74E /* Pods_NewMyApp.framework */ = {isa = PBXFileReference; explicitFileType = wrapper.framework; includeInIndex = 0; path = Pods_NewMyApp.framework; sourceTree = BUILT_PRODUCTS_DIR; };
		D702C2445E6E212C32B8521A /* Pods-NewMyApp.release.xcconfig */ = {isa = PBXFileReference; includeInIndex = 1; lastKnownFileType = text.xcconfig; name = "Pods-NewMyApp.release.xcconfig"; path = "Pods/Target Support Files/Pods-NewMyApp/Pods-NewMyApp.release.xcconfig"; sourceTree = "<group>"; };
/* End PBXFileReference section */

/* Begin PBXFrameworksBuildPhase section */
		1EBC2CAA222CFB6C007EA798 /* Frameworks */ = {
			isa = PBXFrameworksBuildPhase;
			buildActionMask = 2147483647;
			files = (
				ADE7680305AD143CDDD43E81 /* Pods_NewMyApp.framework in Frameworks */,
			);
			runOnlyForDeploymentPostprocessing = 0;
		};
/* End PBXFrameworksBuildPhase section */

/* Begin PBXGroup section */
		1E5EF76F222F13AA007FA6C8 /* View */ = {
			isa = PBXGroup;
			children = (
				1EBC2CC5222DA282007EA798 /* SectionCollectionViewCell.swift */,
			);
			path = View;
			sourceTree = "<group>";
		};
		1EBC2CA4222CFB6C007EA798 = {
			isa = PBXGroup;
			children = (
				1EBC2CAF222CFB6C007EA798 /* NewMyApp */,
				1EBC2CAE222CFB6C007EA798 /* Products */,
				EE68A1CE6861C46E440A1392 /* Pods */,
				560F226F06B72DA93C9BE8A9 /* Frameworks */,
			);
			sourceTree = "<group>";
		};
		1EBC2CAE222CFB6C007EA798 /* Products */ = {
			isa = PBXGroup;
			children = (
				1EBC2CAD222CFB6C007EA798 /* NewMyApp.app */,
			);
			name = Products;
			sourceTree = "<group>";
		};
		1EBC2CAF222CFB6C007EA798 /* NewMyApp */ = {
			isa = PBXGroup;
			children = (
				1E5EF76F222F13AA007FA6C8 /* View */,
				1EBC2CCF222E003B007EA798 /* 4583-mine.json */,
				1EBC2CD5222E1127007EA798 /* 3179-code-icon.json */,
				1EBC2CD9222EC5DF007EA798 /* 1607-computer-display.json */,
				1EBC2CDD222EF67A007EA798 /* profile.json */,
				1E5EF76D222F0FC0007FA6C8 /* 3046-me-at-office.json */,
				1EBC2CC7222DF36D007EA798 /* Controller */,
				1EBC2CB0222CFB6C007EA798 /* AppDelegate.swift */,
				1EBC2CB4222CFB6C007EA798 /* Main.storyboard */,
				1EBC2CBA222CFB6E007EA798 /* Assets.xcassets */,
				1EBC2CBC222CFB6E007EA798 /* LaunchScreen.storyboard */,
				1EBC2CBF222CFB6F007EA798 /* Info.plist */,
				1EBC2CB7222CFB6C007EA798 /* NewMyApp.xcdatamodeld */,
			);
			path = NewMyApp;
			sourceTree = "<group>";
		};
		1EBC2CC7222DF36D007EA798 /* Controller */ = {
			isa = PBXGroup;
			children = (
				1EBC2CB2222CFB6C007EA798 /* ViewController.swift */,
				1EBC2CC8222DF38E007EA798 /* FirstSectionViewController.swift */,
				1EBC2CD1222E0DB0007EA798 /* SecondSectionViewController.swift */,
				1EBC2CDB222ED0D1007EA798 /* ThirdSectionViewController.swift */,
				1EBC2CD7222EC210007EA798 /* FourthSectionViewController.swift */,
			);
			path = Controller;
			sourceTree = "<group>";
		};
		560F226F06B72DA93C9BE8A9 /* Frameworks */ = {
			isa = PBXGroup;
			children = (
				BF32DBE108F9862645D0E74E /* Pods_NewMyApp.framework */,
			);
			name = Frameworks;
			sourceTree = "<group>";
		};
		EE68A1CE6861C46E440A1392 /* Pods */ = {
			isa = PBXGroup;
			children = (
				872029F474D099829A597E0A /* Pods-NewMyApp.debug.xcconfig */,
				D702C2445E6E212C32B8521A /* Pods-NewMyApp.release.xcconfig */,
			);
			name = Pods;
			sourceTree = "<group>";
		};
/* End PBXGroup section */

/* Begin PBXNativeTarget section */
		1EBC2CAC222CFB6C007EA798 /* NewMyApp */ = {
			isa = PBXNativeTarget;
			buildConfigurationList = 1EBC2CC2222CFB6F007EA798 /* Build configuration list for PBXNativeTarget "NewMyApp" */;
			buildPhases = (
				202F8860F0E3A56A28FF14E6 /* [CP] Check Pods Manifest.lock */,
				1EBC2CA9222CFB6C007EA798 /* Sources */,
				1EBC2CAA222CFB6C007EA798 /* Frameworks */,
				1EBC2CAB222CFB6C007EA798 /* Resources */,
				FA3ADC5F296E65D25CF414DC /* [CP] Embed Pods Frameworks */,
			);
			buildRules = (
			);
			dependencies = (
			);
			name = NewMyApp;
			productName = NewMyApp;
			productReference = 1EBC2CAD222CFB6C007EA798 /* NewMyApp.app */;
			productType = "com.apple.product-type.application";
		};
/* End PBXNativeTarget section */

/* Begin PBXProject section */
		1EBC2CA5222CFB6C007EA798 /* Project object */ = {
			isa = PBXProject;
			attributes = {
				LastSwiftUpdateCheck = 1010;
				LastUpgradeCheck = 1010;
				ORGANIZATIONNAME = "Sabri Sönmez";
				TargetAttributes = {
					1EBC2CAC222CFB6C007EA798 = {
						CreatedOnToolsVersion = 10.1;
					};
				};
			};
			buildConfigurationList = 1EBC2CA8222CFB6C007EA798 /* Build configuration list for PBXProject "NewMyApp" */;
			compatibilityVersion = "Xcode 9.3";
			developmentRegion = en;
			hasScannedForEncodings = 0;
			knownRegions = (
				en,
				Base,
			);
			mainGroup = 1EBC2CA4222CFB6C007EA798;
			productRefGroup = 1EBC2CAE222CFB6C007EA798 /* Products */;
			projectDirPath = "";
			projectRoot = "";
			targets = (
				1EBC2CAC222CFB6C007EA798 /* NewMyApp */,
			);
		};
/* End PBXProject section */

/* Begin PBXResourcesBuildPhase section */
		1EBC2CAB222CFB6C007EA798 /* Resources */ = {
			isa = PBXResourcesBuildPhase;
			buildActionMask = 2147483647;
			files = (
				1EBC2CD0222E003B007EA798 /* 4583-mine.json in Resources */,
				1EBC2CDA222EC5DF007EA798 /* 1607-computer-display.json in Resources */,
				1EBC2CD6222E1127007EA798 /* 3179-code-icon.json in Resources */,
				1EBC2CBE222CFB6E007EA798 /* LaunchScreen.storyboard in Resources */,
				1EBC2CBB222CFB6E007EA798 /* Assets.xcassets in Resources */,
				1E5EF76E222F0FC1007FA6C8 /* 3046-me-at-office.json in Resources */,
				1EBC2CDE222EF67A007EA798 /* profile.json in Resources */,
				1EBC2CB6222CFB6C007EA798 /* Main.storyboard in Resources */,
			);
			runOnlyForDeploymentPostprocessing = 0;
		};
/* End PBXResourcesBuildPhase section */

/* Begin PBXShellScriptBuildPhase section */
		202F8860F0E3A56A28FF14E6 /* [CP] Check Pods Manifest.lock */ = {
			isa = PBXShellScriptBuildPhase;
			buildActionMask = 2147483647;
			files = (
			);
			inputPaths = (
				"${PODS_PODFILE_DIR_PATH}/Podfile.lock",
				"${PODS_ROOT}/Manifest.lock",
			);
			name = "[CP] Check Pods Manifest.lock";
			outputPaths = (
				"$(DERIVED_FILE_DIR)/Pods-NewMyApp-checkManifestLockResult.txt",
			);
			runOnlyForDeploymentPostprocessing = 0;
			shellPath = /bin/sh;
			shellScript = "diff \"${PODS_PODFILE_DIR_PATH}/Podfile.lock\" \"${PODS_ROOT}/Manifest.lock\" > /dev/null\nif [ $? != 0 ] ; then\n    # print error to STDERR\n    echo \"error: The sandbox is not in sync with the Podfile.lock. Run 'pod install' or update your CocoaPods installation.\" >&2\n    exit 1\nfi\n# This output is used by Xcode 'outputs' to avoid re-running this script phase.\necho \"SUCCESS\" > \"${SCRIPT_OUTPUT_FILE_0}\"\n";
			showEnvVarsInLog = 0;
		};
		FA3ADC5F296E65D25CF414DC /* [CP] Embed Pods Frameworks */ = {
			isa = PBXShellScriptBuildPhase;
			buildActionMask = 2147483647;
			files = (
			);
			inputPaths = (
				"${SRCROOT}/Pods/Target Support Files/Pods-NewMyApp/Pods-NewMyApp-frameworks.sh",
				"${BUILT_PRODUCTS_DIR}/lottie-ios/Lottie.framework",
			);
			name = "[CP] Embed Pods Frameworks";
			outputPaths = (
				"${TARGET_BUILD_DIR}/${FRAMEWORKS_FOLDER_PATH}/Lottie.framework",
			);
			runOnlyForDeploymentPostprocessing = 0;
			shellPath = /bin/sh;
			shellScript = "\"${SRCROOT}/Pods/Target Support Files/Pods-NewMyApp/Pods-NewMyApp-frameworks.sh\"\n";
			showEnvVarsInLog = 0;
		};
/* End PBXShellScriptBuildPhase section */

/* Begin PBXSourcesBuildPhase section */
		1EBC2CA9222CFB6C007EA798 /* Sources */ = {
			isa = PBXSourcesBuildPhase;
			buildActionMask = 2147483647;
			files = (
				1EBC2CD2222E0DB0007EA798 /* SecondSectionViewController.swift in Sources */,
				1EBC2CB9222CFB6C007EA798 /* NewMyApp.xcdatamodeld in Sources */,
				1EBC2CC9222DF38E007EA798 /* FirstSectionViewController.swift in Sources */,
				1EBC2CD8222EC210007EA798 /* FourthSectionViewController.swift in Sources */,
				1EBC2CDC222ED0D1007EA798 /* ThirdSectionViewController.swift in Sources */,
				1EBC2CB3222CFB6C007EA798 /* ViewController.swift in Sources */,
				1EBC2CC6222DA282007EA798 /* SectionCollectionViewCell.swift in Sources */,
				1EBC2CB1222CFB6C007EA798 /* AppDelegate.swift in Sources */,
			);
			runOnlyForDeploymentPostprocessing = 0;
		};
/* End PBXSourcesBuildPhase section */

/* Begin PBXVariantGroup section */
		1EBC2CB4222CFB6C007EA798 /* Main.storyboard */ = {
			isa = PBXVariantGroup;
			children = (
				1EBC2CB5222CFB6C007EA798 /* Base */,
			);
			name = Main.storyboard;
			sourceTree = "<group>";
		};
		1EBC2CBC222CFB6E007EA798 /* LaunchScreen.storyboard */ = {
			isa = PBXVariantGroup;
			children = (
				1EBC2CBD222CFB6E007EA798 /* Base */,
			);
			name = LaunchScreen.storyboard;
			sourceTree = "<group>";
		};
/* End PBXVariantGroup section */

/* Begin XCBuildConfiguration section */
		1EBC2CC0222CFB6F007EA798 /* Debug */ = {
			isa = XCBuildConfiguration;
			buildSettings = {
				ALWAYS_SEARCH_USER_PATHS = NO;
				CLANG_ANALYZER_NONNULL = YES;
				CLANG_ANALYZER_NUMBER_OBJECT_CONVERSION = YES_AGGRESSIVE;
				CLANG_CXX_LANGUAGE_STANDARD = "gnu++14";
				CLANG_CXX_LIBRARY = "libc++";
				CLANG_ENABLE_MODULES = YES;
				CLANG_ENABLE_OBJC_ARC = YES;
				CLANG_ENABLE_OBJC_WEAK = YES;
				CLANG_WARN_BLOCK_CAPTURE_AUTORELEASING = YES;
				CLANG_WARN_BOOL_CONVERSION = YES;
				CLANG_WARN_COMMA = YES;
				CLANG_WARN_CONSTANT_CONVERSION = YES;
				CLANG_WARN_DEPRECATED_OBJC_IMPLEMENTATIONS = YES;
				CLANG_WARN_DIRECT_OBJC_ISA_USAGE = YES_ERROR;
				CLANG_WARN_DOCUMENTATION_COMMENTS = YES;
				CLANG_WARN_EMPTY_BODY = YES;
				CLANG_WARN_ENUM_CONVERSION = YES;
				CLANG_WARN_INFINITE_RECURSION = YES;
				CLANG_WARN_INT_CONVERSION = YES;
				CLANG_WARN_NON_LITERAL_NULL_CONVERSION = YES;
				CLANG_WARN_OBJC_IMPLICIT_RETAIN_SELF = YES;
				CLANG_WARN_OBJC_LITERAL_CONVERSION = YES;
				CLANG_WARN_OBJC_ROOT_CLASS = YES_ERROR;
				CLANG_WARN_RANGE_LOOP_ANALYSIS = YES;
				CLANG_WARN_STRICT_PROTOTYPES = YES;
				CLANG_WARN_SUSPICIOUS_MOVE = YES;
				CLANG_WARN_UNGUARDED_AVAILABILITY = YES_AGGRESSIVE;
				CLANG_WARN_UNREACHABLE_CODE = YES;
				CLANG_WARN__DUPLICATE_METHOD_MATCH = YES;
				CODE_SIGN_IDENTITY = "iPhone Developer";
				COPY_PHASE_STRIP = NO;
				DEBUG_INFORMATION_FORMAT = dwarf;
				ENABLE_STRICT_OBJC_MSGSEND = YES;
				ENABLE_TESTABILITY = YES;
				GCC_C_LANGUAGE_STANDARD = gnu11;
				GCC_DYNAMIC_NO_PIC = NO;
				GCC_NO_COMMON_BLOCKS = YES;
				GCC_OPTIMIZATION_LEVEL = 0;
				GCC_PREPROCESSOR_DEFINITIONS = (
					"DEBUG=1",
					"$(inherited)",
				);
				GCC_WARN_64_TO_32_BIT_CONVERSION = YES;
				GCC_WARN_ABOUT_RETURN_TYPE = YES_ERROR;
				GCC_WARN_UNDECLARED_SELECTOR = YES;
				GCC_WARN_UNINITIALIZED_AUTOS = YES_AGGRESSIVE;
				GCC_WARN_UNUSED_FUNCTION = YES;
				GCC_WARN_UNUSED_VARIABLE = YES;
				IPHONEOS_DEPLOYMENT_TARGET = 12.1;
				MTL_ENABLE_DEBUG_INFO = INCLUDE_SOURCE;
				MTL_FAST_MATH = YES;
				ONLY_ACTIVE_ARCH = YES;
				SDKROOT = iphoneos;
				SWIFT_ACTIVE_COMPILATION_CONDITIONS = DEBUG;
				SWIFT_OPTIMIZATION_LEVEL = "-Onone";
			};
			name = Debug;
		};
		1EBC2CC1222CFB6F007EA798 /* Release */ = {
			isa = XCBuildConfiguration;
			buildSettings = {
				ALWAYS_SEARCH_USER_PATHS = NO;
				CLANG_ANALYZER_NONNULL = YES;
				CLANG_ANALYZER_NUMBER_OBJECT_CONVERSION = YES_AGGRESSIVE;
				CLANG_CXX_LANGUAGE_STANDARD = "gnu++14";
				CLANG_CXX_LIBRARY = "libc++";
				CLANG_ENABLE_MODULES = YES;
				CLANG_ENABLE_OBJC_ARC = YES;
				CLANG_ENABLE_OBJC_WEAK = YES;
				CLANG_WARN_BLOCK_CAPTURE_AUTORELEASING = YES;
				CLANG_WARN_BOOL_CONVERSION = YES;
				CLANG_WARN_COMMA = YES;
				CLANG_WARN_CONSTANT_CONVERSION = YES;
				CLANG_WARN_DEPRECATED_OBJC_IMPLEMENTATIONS = YES;
				CLANG_WARN_DIRECT_OBJC_ISA_USAGE = YES_ERROR;
				CLANG_WARN_DOCUMENTATION_COMMENTS = YES;
				CLANG_WARN_EMPTY_BODY = YES;
				CLANG_WARN_ENUM_CONVERSION = YES;
				CLANG_WARN_INFINITE_RECURSION = YES;
				CLANG_WARN_INT_CONVERSION = YES;
				CLANG_WARN_NON_LITERAL_NULL_CONVERSION = YES;
				CLANG_WARN_OBJC_IMPLICIT_RETAIN_SELF = YES;
				CLANG_WARN_OBJC_LITERAL_CONVERSION = YES;
				CLANG_WARN_OBJC_ROOT_CLASS = YES_ERROR;
				CLANG_WARN_RANGE_LOOP_ANALYSIS = YES;
				CLANG_WARN_STRICT_PROTOTYPES = YES;
				CLANG_WARN_SUSPICIOUS_MOVE = YES;
				CLANG_WARN_UNGUARDED_AVAILABILITY = YES_AGGRESSIVE;
				CLANG_WARN_UNREACHABLE_CODE = YES;
				CLANG_WARN__DUPLICATE_METHOD_MATCH = YES;
				CODE_SIGN_IDENTITY = "iPhone Developer";
				COPY_PHASE_STRIP = NO;
				DEBUG_INFORMATION_FORMAT = "dwarf-with-dsym";
				ENABLE_NS_ASSERTIONS = NO;
				ENABLE_STRICT_OBJC_MSGSEND = YES;
				GCC_C_LANGUAGE_STANDARD = gnu11;
				GCC_NO_COMMON_BLOCKS = YES;
				GCC_WARN_64_TO_32_BIT_CONVERSION = YES;
				GCC_WARN_ABOUT_RETURN_TYPE = YES_ERROR;
				GCC_WARN_UNDECLARED_SELECTOR = YES;
				GCC_WARN_UNINITIALIZED_AUTOS = YES_AGGRESSIVE;
				GCC_WARN_UNUSED_FUNCTION = YES;
				GCC_WARN_UNUSED_VARIABLE = YES;
				IPHONEOS_DEPLOYMENT_TARGET = 12.1;
				MTL_ENABLE_DEBUG_INFO = NO;
				MTL_FAST_MATH = YES;
				SDKROOT = iphoneos;
				SWIFT_COMPILATION_MODE = wholemodule;
				SWIFT_OPTIMIZATION_LEVEL = "-O";
				VALIDATE_PRODUCT = YES;
			};
			name = Release;
		};
		1EBC2CC3222CFB6F007EA798 /* Debug */ = {
			isa = XCBuildConfiguration;
			baseConfigurationReference = 872029F474D099829A597E0A /* Pods-NewMyApp.debug.xcconfig */;
			buildSettings = {
				ASSETCATALOG_COMPILER_APPICON_NAME = AppIcon;
				CODE_SIGN_STYLE = Automatic;
				DEVELOPMENT_TEAM = R7DR32825H;
				INFOPLIST_FILE = NewMyApp/Info.plist;
				IPHONEOS_DEPLOYMENT_TARGET = 12.1;
				LD_RUNPATH_SEARCH_PATHS = (
					"$(inherited)",
					"@executable_path/Frameworks",
				);
				PRODUCT_BUNDLE_IDENTIFIER = sabri.NewMyApp;
				PRODUCT_NAME = "$(TARGET_NAME)";
				SWIFT_VERSION = 4.2;
				TARGETED_DEVICE_FAMILY = "1,2";
			};
			name = Debug;
		};
		1EBC2CC4222CFB6F007EA798 /* Release */ = {
			isa = XCBuildConfiguration;
			baseConfigurationReference = D702C2445E6E212C32B8521A /* Pods-NewMyApp.release.xcconfig */;
			buildSettings = {
				ASSETCATALOG_COMPILER_APPICON_NAME = AppIcon;
				CODE_SIGN_STYLE = Automatic;
				DEVELOPMENT_TEAM = R7DR32825H;
				INFOPLIST_FILE = NewMyApp/Info.plist;
				IPHONEOS_DEPLOYMENT_TARGET = 12.1;
				LD_RUNPATH_SEARCH_PATHS = (
					"$(inherited)",
					"@executable_path/Frameworks",
				);
				PRODUCT_BUNDLE_IDENTIFIER = sabri.NewMyApp;
				PRODUCT_NAME = "$(TARGET_NAME)";
				SWIFT_VERSION = 4.2;
				TARGETED_DEVICE_FAMILY = "1,2";
			};
			name = Release;
		};
/* End XCBuildConfiguration section */

/* Begin XCConfigurationList section */
		1EBC2CA8222CFB6C007EA798 /* Build configuration list for PBXProject "NewMyApp" */ = {
			isa = XCConfigurationList;
			buildConfigurations = (
				1EBC2CC0222CFB6F007EA798 /* Debug */,
				1EBC2CC1222CFB6F007EA798 /* Release */,
			);
			defaultConfigurationIsVisible = 0;
			defaultConfigurationName = Release;
		};
		1EBC2CC2222CFB6F007EA798 /* Build configuration list for PBXNativeTarget "NewMyApp" */ = {
			isa = XCConfigurationList;
			buildConfigurations = (
				1EBC2CC3222CFB6F007EA798 /* Debug */,
				1EBC2CC4222CFB6F007EA798 /* Release */,
			);
			defaultConfigurationIsVisible = 0;
			defaultConfigurationName = Release;
		};
/* End XCConfigurationList section */

/* Begin XCVersionGroup section */
		1EBC2CB7222CFB6C007EA798 /* NewMyApp.xcdatamodeld */ = {
			isa = XCVersionGroup;
			children = (
				1EBC2CB8222CFB6C007EA798 /* NewMyApp.xcdatamodel */,
			);
			currentVersion = 1EBC2CB8222CFB6C007EA798 /* NewMyApp.xcdatamodel */;
			path = NewMyApp.xcdatamodeld;
			sourceTree = "<group>";
			versionGroupType = wrapper.xcdatamodel;
		};
/* End XCVersionGroup section */
	};
	rootObject = 1EBC2CA5222CFB6C007EA798 /* Project object */;
}
